
Microsoft Visual Studio Solution File, Format Version 12.00
# Visual Studio 14
VisualStudioVersion = 14.0.25420.1
MinimumVisualStudioVersion = 10.0.40219.1
Project("{54435603-DBB4-11D2-8724-00A0C9A8B90C}") = "busk", "busk\busk.vdproj", "{62F7D038-24D5-4926-BB35-272C9812FCC7}"
EndProject
Global
	GlobalSection(SolutionConfigurationPlatforms) = preSolution
		Debug|Default = Debug|Default
		Release|Default = Release|Default
	EndGlobalSection
	GlobalSection(ProjectConfigurationPlatforms) = postSolution
		{62F7D038-24D5-4926-BB35-272C9812FCC7}.Debug|Default.ActiveCfg = Debug
		{62F7D038-24D5-4926-BB35-272C9812FCC7}.Debug|Default.Build.0 = Debug
		{62F7D038-24D5-4926-BB35-272C9812FCC7}.Release|Default.ActiveCfg = Release
		{62F7D038-24D5-4926-BB35-272C9812FCC7}.Release|Default.Build.0 = Release
	EndGlobalSection
	GlobalSection(SolutionProperties) = preSolution
		HideSolutionNode = FALSE
	EndGlobalSection
EndGlobal
